{
  "requires": true,
  "lockfileVersion": 1,
  "dependencies": {
    "vue-slide-up-down": {
      "version": "1.3.3",
      "resolved": "https://registry.npmjs.org/vue-slide-up-down/-/vue-slide-up-down-1.3.3.tgz",
      "integrity": "sha512-o9RIfbHNwK2IVVrj4jxQ35174WeIyoT1u3NDDSrynzJQ3UqxN4Lve5X2kwAWDlU4buOrA288tZpintHUYgHkgw=="
    }
  }
}
